// !$*UTF8*$!
{
	archiveVersion = 1;
	classes = {
	};
	objectVersion = 55;
	objects = {

/* Begin PBXBuildFile section */
		084F7AE129B1FEB8005812AC /* AppDelegate.swift in Sources */ = {isa = PBXBuildFile; fileRef = 084F7AE029B1FEB8005812AC /* AppDelegate.swift */; };
		084F7AE329B1FEB8005812AC /* SceneDelegate.swift in Sources */ = {isa = PBXBuildFile; fileRef = 084F7AE229B1FEB8005812AC /* SceneDelegate.swift */; };
		084F7AE529B1FEB8005812AC /* ViewController.swift in Sources */ = {isa = PBXBuildFile; fileRef = 084F7AE429B1FEB8005812AC /* ViewController.swift */; };
		084F7AE829B1FEB8005812AC /* Main.storyboard in Resources */ = {isa = PBXBuildFile; fileRef = 084F7AE629B1FEB8005812AC /* Main.storyboard */; };
		084F7AEB29B1FEB8005812AC /* CoreDataBeginnerProject.xcdatamodeld in Sources */ = {isa = PBXBuildFile; fileRef = 084F7AE929B1FEB8005812AC /* CoreDataBeginnerProject.xcdatamodeld */; };
		084F7AED29B1FEB8005812AC /* Assets.xcassets in Resources */ = {isa = PBXBuildFile; fileRef = 084F7AEC29B1FEB8005812AC /* Assets.xcassets */; };
		084F7AF029B1FEB8005812AC /* LaunchScreen.storyboard in Resources */ = {isa = PBXBuildFile; fileRef = 084F7AEE29B1FEB8005812AC /* LaunchScreen.storyboard */; };
		084F7AF829B214FE005812AC /* VC_AddEdit.swift in Sources */ = {isa = PBXBuildFile; fileRef = 084F7AF729B214FE005812AC /* VC_AddEdit.swift */; };
/* End PBXBuildFile section */

/* Begin PBXFileReference section */
		084F7ADD29B1FEB8005812AC /* CoreDataBeginnerProject.app */ = {isa = PBXFileReference; explicitFileType = wrapper.application; includeInIndex = 0; path = CoreDataBeginnerProject.app; sourceTree = BUILT_PRODUCTS_DIR; };
		084F7AE029B1FEB8005812AC /* AppDelegate.swift */ = {isa = PBXFileReference; lastKnownFileType = sourcecode.swift; path = AppDelegate.swift; sourceTree = "<group>"; };
		084F7AE229B1FEB8005812AC /* SceneDelegate.swift */ = {isa = PBXFileReference; lastKnownFileType = sourcecode.swift; path = SceneDelegate.swift; sourceTree = "<group>"; };
		084F7AE429B1FEB8005812AC /* ViewController.swift */ = {isa = PBXFileReference; lastKnownFileType = sourcecode.swift; path = ViewController.swift; sourceTree = "<group>"; };
		084F7AE729B1FEB8005812AC /* Base */ = {isa = PBXFileReference; lastKnownFileType = file.storyboard; name = Base; path = Base.lproj/Main.storyboard; sourceTree = "<group>"; };
		084F7AEA29B1FEB8005812AC /* CoreDataBeginnerProject.xcdatamodel */ = {isa = PBXFileReference; lastKnownFileType = wrapper.xcdatamodel; path = CoreDataBeginnerProject.xcdatamodel; sourceTree = "<group>"; };
		084F7AEC29B1FEB8005812AC /* Assets.xcassets */ = {isa = PBXFileReference; lastKnownFileType = folder.assetcatalog; path = Assets.xcassets; sourceTree = "<group>"; };
		084F7AEF29B1FEB8005812AC /* Base */ = {isa = PBXFileReference; lastKnownFileType = file.storyboard; name = Base; path = Base.lproj/LaunchScreen.storyboard; sourceTree = "<group>"; };
		084F7AF129B1FEB8005812AC /* Info.plist */ = {isa = PBXFileReference; lastKnownFileType = text.plist.xml; path = Info.plist; sourceTree = "<group>"; };
		084F7AF729B214FE005812AC /* VC_AddEdit.swift */ = {isa = PBXFileReference; lastKnownFileType = sourcecode.swift; path = VC_AddEdit.swift; sourceTree = "<group>"; };
/* End PBXFileReference section */

/* Begin PBXFrameworksBuildPhase section */
		084F7ADA29B1FEB8005812AC /* Frameworks */ = {
			isa = PBXFrameworksBuildPhase;
			buildActionMask = 2147483647;
			files = (
			);
			runOnlyForDeploymentPostprocessing = 0;
		};
/* End PBXFrameworksBuildPhase section */

/* Begin PBXGroup section */
		084F7AD429B1FEB8005812AC = {
			isa = PBXGroup;
			children = (
				084F7ADF29B1FEB8005812AC /* CoreDataBeginnerProject */,
				084F7ADE29B1FEB8005812AC /* Products */,
			);
			sourceTree = "<group>";
		};
		084F7ADE29B1FEB8005812AC /* Products */ = {
			isa = PBXGroup;
			children = (
				084F7ADD29B1FEB8005812AC /* CoreDataBeginnerProject.app */,
			);
			name = Products;
			sourceTree = "<group>";
		};
		084F7ADF29B1FEB8005812AC /* CoreDataBeginnerProject */ = {
			isa = PBXGroup;
			children = (
				084F7AE029B1FEB8005812AC /* AppDelegate.swift */,
				084F7AE229B1FEB8005812AC /* SceneDelegate.swift */,
				084F7AE429B1FEB8005812AC /* ViewController.swift */,
				084F7AE629B1FEB8005812AC /* Main.storyboard */,
				084F7AF729B214FE005812AC /* VC_AddEdit.swift */,
				084F7AEC29B1FEB8005812AC /* Assets.xcassets */,
				084F7AEE29B1FEB8005812AC /* LaunchScreen.storyboard */,
				084F7AF129B1FEB8005812AC /* Info.plist */,
				084F7AE929B1FEB8005812AC /* CoreDataBeginnerProject.xcdatamodeld */,
			);
			path = CoreDataBeginnerProject;
			sourceTree = "<group>";
		};
/* End PBXGroup section */

/* Begin PBXNativeTarget section */
		084F7ADC29B1FEB8005812AC /* CoreDataBeginnerProject */ = {
			isa = PBXNativeTarget;
			buildConfigurationList = 084F7AF429B1FEB8005812AC /* Build configuration list for PBXNativeTarget "CoreDataBeginnerProject" */;
			buildPhases = (
				084F7AD929B1FEB8005812AC /* Sources */,
				084F7ADA29B1FEB8005812AC /* Frameworks */,
				084F7ADB29B1FEB8005812AC /* Resources */,
			);
			buildRules = (
			);
			dependencies = (
			);
			name = CoreDataBeginnerProject;
			productName = CoreDataBeginnerProject;
			productReference = 084F7ADD29B1FEB8005812AC /* CoreDataBeginnerProject.app */;
			productType = "com.apple.product-type.application";
		};
/* End PBXNativeTarget section */

/* Begin PBXProject section */
		084F7AD529B1FEB8005812AC /* Project object */ = {
			isa = PBXProject;
			attributes = {
				BuildIndependentTargetsInParallel = 1;
				LastSwiftUpdateCheck = 1340;
				LastUpgradeCheck = 1340;
				TargetAttributes = {
					084F7ADC29B1FEB8005812AC = {
						CreatedOnToolsVersion = 13.4.1;
					};
				};
			};
			buildConfigurationList = 084F7AD829B1FEB8005812AC /* Build configuration list for PBXProject "CoreDataBeginnerProject" */;
			compatibilityVersion = "Xcode 13.0";
			developmentRegion = en;
			hasScannedForEncodings = 0;
			knownRegions = (
				en,
				Base,
			);
			mainGroup = 084F7AD429B1FEB8005812AC;
			productRefGroup = 084F7ADE29B1FEB8005812AC /* Products */;
			projectDirPath = "";
			projectRoot = "";
			targets = (
				084F7ADC29B1FEB8005812AC /* CoreDataBeginnerProject */,
			);
		};
/* End PBXProject section */

/* Begin PBXResourcesBuildPhase section */
		084F7ADB29B1FEB8005812AC /* Resources */ = {
			isa = PBXResourcesBuildPhase;
			buildActionMask = 2147483647;
			files = (
				084F7AF029B1FEB8005812AC /* LaunchScreen.storyboard in Resources */,
				084F7AED29B1FEB8005812AC /* Assets.xcassets in Resources */,
				084F7AE829B1FEB8005812AC /* Main.storyboard in Resources */,
			);
			runOnlyForDeploymentPostprocessing = 0;
		};
/* End PBXResourcesBuildPhase section */

/* Begin PBXSourcesBuildPhase section */
		084F7AD929B1FEB8005812AC /* Sources */ = {
			isa = PBXSourcesBuildPhase;
			buildActionMask = 2147483647;
			files = (
				084F7AEB29B1FEB8005812AC /* CoreDataBeginnerProject.xcdatamodeld in Sources */,
				084F7AF829B214FE005812AC /* VC_AddEdit.swift in Sources */,
				084F7AE529B1FEB8005812AC /* ViewController.swift in Sources */,
				084F7AE129B1FEB8005812AC /* AppDelegate.swift in Sources */,
				084F7AE329B1FEB8005812AC /* SceneDelegate.swift in Sources */,
			);
			runOnlyForDeploymentPostprocessing = 0;
		};
/* End PBXSourcesBuildPhase section */

/* Begin PBXVariantGroup section */
		084F7AE629B1FEB8005812AC /* Main.storyboard */ = {
			isa = PBXVariantGroup;
			children = (
				084F7AE729B1FEB8005812AC /* Base */,
			);
			name = Main.storyboard;
			sourceTree = "<group>";
		};
		084F7AEE29B1FEB8005812AC /* LaunchScreen.storyboard */ = {
			isa = PBXVariantGroup;
			children = (
				084F7AEF29B1FEB8005812AC /* Base */,
			);
			name = LaunchScreen.storyboard;
			sourceTree = "<group>";
		};
/* End PBXVariantGroup section */

/* Begin XCBuildConfiguration section */
		084F7AF229B1FEB8005812AC /* Debug */ = {
			isa = XCBuildConfiguration;
			buildSettings = {
				ALWAYS_SEARCH_USER_PATHS = NO;
				CLANG_ANALYZER_NONNULL = YES;
				CLANG_ANALYZER_NUMBER_OBJECT_CONVERSION = YES_AGGRESSIVE;
				CLANG_CXX_LANGUAGE_STANDARD = "gnu++17";
				CLANG_ENABLE_MODULES = YES;
				CLANG_ENABLE_OBJC_ARC = YES;
				CLANG_ENABLE_OBJC_WEAK = YES;
				CLANG_WARN_BLOCK_CAPTURE_AUTORELEASING = YES;
				CLANG_WARN_BOOL_CONVERSION = YES;
				CLANG_WARN_COMMA = YES;
				CLANG_WARN_CONSTANT_CONVERSION = YES;
				CLANG_WARN_DEPRECATED_OBJC_IMPLEMENTATIONS = YES;
				CLANG_WARN_DIRECT_OBJC_ISA_USAGE = YES_ERROR;
				CLANG_WARN_DOCUMENTATION_COMMENTS = YES;
				CLANG_WARN_EMPTY_BODY = YES;
				CLANG_WARN_ENUM_CONVERSION = YES;
				CLANG_WARN_INFINITE_RECURSION = YES;
				CLANG_WARN_INT_CONVERSION = YES;
				CLANG_WARN_NON_LITERAL_NULL_CONVERSION = YES;
				CLANG_WARN_OBJC_IMPLICIT_RETAIN_SELF = YES;
				CLANG_WARN_OBJC_LITERAL_CONVERSION = YES;
				CLANG_WARN_OBJC_ROOT_CLASS = YES_ERROR;
				CLANG_WARN_QUOTED_INCLUDE_IN_FRAMEWORK_HEADER = YES;
				CLANG_WARN_RANGE_LOOP_ANALYSIS = YES;
				CLANG_WARN_STRICT_PROTOTYPES = YES;
				CLANG_WARN_SUSPICIOUS_MOVE = YES;
				CLANG_WARN_UNGUARDED_AVAILABILITY = YES_AGGRESSIVE;
				CLANG_WARN_UNREACHABLE_CODE = YES;
				CLANG_WARN__DUPLICATE_METHOD_MATCH = YES;
				COPY_PHASE_STRIP = NO;
				DEBUG_INFORMATION_FORMAT = dwarf;
				ENABLE_STRICT_OBJC_MSGSEND = YES;
				ENABLE_TESTABILITY = YES;
				GCC_C_LANGUAGE_STANDARD = gnu11;
				GCC_DYNAMIC_NO_PIC = NO;
				GCC_NO_COMMON_BLOCKS = YES;
				GCC_OPTIMIZATION_LEVEL = 0;
				GCC_PREPROCESSOR_DEFINITIONS = (
					"DEBUG=1",
					"$(inherited)",
				);
				GCC_WARN_64_TO_32_BIT_CONVERSION = YES;
				GCC_WARN_ABOUT_RETURN_TYPE = YES_ERROR;
				GCC_WARN_UNDECLARED_SELECTOR = YES;
				GCC_WARN_UNINITIALIZED_AUTOS = YES_AGGRESSIVE;
				GCC_WARN_UNUSED_FUNCTION = YES;
				GCC_WARN_UNUSED_VARIABLE = YES;
				IPHONEOS_DEPLOYMENT_TARGET = 15.5;
				MTL_ENABLE_DEBUG_INFO = INCLUDE_SOURCE;
				MTL_FAST_MATH = YES;
				ONLY_ACTIVE_ARCH = YES;
				SDKROOT = iphoneos;
				SWIFT_ACTIVE_COMPILATION_CONDITIONS = DEBUG;
				SWIFT_OPTIMIZATION_LEVEL = "-Onone";
			};
			name = Debug;
		};
		084F7AF329B1FEB8005812AC /* Release */ = {
			isa = XCBuildConfiguration;
			buildSettings = {
				ALWAYS_SEARCH_USER_PATHS = NO;
				CLANG_ANALYZER_NONNULL = YES;
				CLANG_ANALYZER_NUMBER_OBJECT_CONVERSION = YES_AGGRESSIVE;
				CLANG_CXX_LANGUAGE_STANDARD = "gnu++17";
				CLANG_ENABLE_MODULES = YES;
				CLANG_ENABLE_OBJC_ARC = YES;
				CLANG_ENABLE_OBJC_WEAK = YES;
				CLANG_WARN_BLOCK_CAPTURE_AUTORELEASING = YES;
				CLANG_WARN_BOOL_CONVERSION = YES;
				CLANG_WARN_COMMA = YES;
				CLANG_WARN_CONSTANT_CONVERSION = YES;
				CLANG_WARN_DEPRECATED_OBJC_IMPLEMENTATIONS = YES;
				CLANG_WARN_DIRECT_OBJC_ISA_USAGE = YES_ERROR;
				CLANG_WARN_DOCUMENTATION_COMMENTS = YES;
				CLANG_WARN_EMPTY_BODY = YES;
				CLANG_WARN_ENUM_CONVERSION = YES;
				CLANG_WARN_INFINITE_RECURSION = YES;
				CLANG_WARN_INT_CONVERSION = YES;
				CLANG_WARN_NON_LITERAL_NULL_CONVERSION = YES;
				CLANG_WARN_OBJC_IMPLICIT_RETAIN_SELF = YES;
				CLANG_WARN_OBJC_LITERAL_CONVERSION = YES;
				CLANG_WARN_OBJC_ROOT_CLASS = YES_ERROR;
				CLANG_WARN_QUOTED_INCLUDE_IN_FRAMEWORK_HEADER = YES;
				CLANG_WARN_RANGE_LOOP_ANALYSIS = YES;
				CLANG_WARN_STRICT_PROTOTYPES = YES;
				CLANG_WARN_SUSPICIOUS_MOVE = YES;
				CLANG_WARN_UNGUARDED_AVAILABILITY = YES_AGGRESSIVE;
				CLANG_WARN_UNREACHABLE_CODE = YES;
				CLANG_WARN__DUPLICATE_METHOD_MATCH = YES;
				COPY_PHASE_STRIP = NO;
				DEBUG_INFORMATION_FORMAT = "dwarf-with-dsym";
				ENABLE_NS_ASSERTIONS = NO;
				ENABLE_STRICT_OBJC_MSGSEND = YES;
				GCC_C_LANGUAGE_STANDARD = gnu11;
				GCC_NO_COMMON_BLOCKS = YES;
				GCC_WARN_64_TO_32_BIT_CONVERSION = YES;
				GCC_WARN_ABOUT_RETURN_TYPE = YES_ERROR;
				GCC_WARN_UNDECLARED_SELECTOR = YES;
				GCC_WARN_UNINITIALIZED_AUTOS = YES_AGGRESSIVE;
				GCC_WARN_UNUSED_FUNCTION = YES;
				GCC_WARN_UNUSED_VARIABLE = YES;
				IPHONEOS_DEPLOYMENT_TARGET = 15.5;
				MTL_ENABLE_DEBUG_INFO = NO;
				MTL_FAST_MATH = YES;
				SDKROOT = iphoneos;
				SWIFT_COMPILATION_MODE = wholemodule;
				SWIFT_OPTIMIZATION_LEVEL = "-O";
				VALIDATE_PRODUCT = YES;
			};
			name = Release;
		};
		084F7AF529B1FEB8005812AC /* Debug */ = {
			isa = XCBuildConfiguration;
			buildSettings = {
				ASSETCATALOG_COMPILER_APPICON_NAME = AppIcon;
				ASSETCATALOG_COMPILER_GLOBAL_ACCENT_COLOR_NAME = AccentColor;
				CODE_SIGN_STYLE = Automatic;
				CURRENT_PROJECT_VERSION = 1;
				DEVELOPMENT_TEAM = ZM3C8N5B34;
				GENERATE_INFOPLIST_FILE = YES;
				INFOPLIST_FILE = CoreDataBeginnerProject/Info.plist;
				INFOPLIST_KEY_UIApplicationSupportsIndirectInputEvents = YES;
				INFOPLIST_KEY_UILaunchStoryboardName = LaunchScreen;
				INFOPLIST_KEY_UIMainStoryboardFile = Main;
				INFOPLIST_KEY_UISupportedInterfaceOrientations_iPad = "UIInterfaceOrientationPortrait UIInterfaceOrientationPortraitUpsideDown UIInterfaceOrientationLandscapeLeft UIInterfaceOrientationLandscapeRight";
				INFOPLIST_KEY_UISupportedInterfaceOrientations_iPhone = "UIInterfaceOrientationPortrait UIInterfaceOrientationLandscapeLeft UIInterfaceOrientationLandscapeRight";
				LD_RUNPATH_SEARCH_PATHS = (
					"$(inherited)",
					"@executable_path/Frameworks",
				);
				MARKETING_VERSION = 1.0;
				PRODUCT_BUNDLE_IDENTIFIER = com.yourcompany.CoreDataBeginnerProject;
				PRODUCT_NAME = "$(TARGET_NAME)";
				SWIFT_EMIT_LOC_STRINGS = YES;
				SWIFT_VERSION = 5.0;
				TARGETED_DEVICE_FAMILY = "1,2";
			};
			name = Debug;
		};
		084F7AF629B1FEB8005812AC /* Release */ = {
			isa = XCBuildConfiguration;
			buildSettings = {
				ASSETCATALOG_COMPILER_APPICON_NAME = AppIcon;
				ASSETCATALOG_COMPILER_GLOBAL_ACCENT_COLOR_NAME = AccentColor;
				CODE_SIGN_STYLE = Automatic;
				CURRENT_PROJECT_VERSION = 1;
				DEVELOPMENT_TEAM = ZM3C8N5B34;
				GENERATE_INFOPLIST_FILE = YES;
				INFOPLIST_FILE = CoreDataBeginnerProject/Info.plist;
				INFOPLIST_KEY_UIApplicationSupportsIndirectInputEvents = YES;
				INFOPLIST_KEY_UILaunchStoryboardName = LaunchScreen;
				INFOPLIST_KEY_UIMainStoryboardFile = Main;
				INFOPLIST_KEY_UISupportedInterfaceOrientations_iPad = "UIInterfaceOrientationPortrait UIInterfaceOrientationPortraitUpsideDown UIInterfaceOrientationLandscapeLeft UIInterfaceOrientationLandscapeRight";
				INFOPLIST_KEY_UISupportedInterfaceOrientations_iPhone = "UIInterfaceOrientationPortrait UIInterfaceOrientationLandscapeLeft UIInterfaceOrientationLandscapeRight";
				LD_RUNPATH_SEARCH_PATHS = (
					"$(inherited)",
					"@executable_path/Frameworks",
				);
				MARKETING_VERSION = 1.0;
				PRODUCT_BUNDLE_IDENTIFIER = com.yourcompany.CoreDataBeginnerProject;
				PRODUCT_NAME = "$(TARGET_NAME)";
				SWIFT_EMIT_LOC_STRINGS = YES;
				SWIFT_VERSION = 5.0;
				TARGETED_DEVICE_FAMILY = "1,2";
			};
			name = Release;
		};
/* End XCBuildConfiguration section */

/* Begin XCConfigurationList section */
		084F7AD829B1FEB8005812AC /* Build configuration list for PBXProject "CoreDataBeginnerProject" */ = {
			isa = XCConfigurationList;
			buildConfigurations = (
				084F7AF229B1FEB8005812AC /* Debug */,
				084F7AF329B1FEB8005812AC /* Release */,
			);
			defaultConfigurationIsVisible = 0;
			defaultConfigurationName = Release;
		};
		084F7AF429B1FEB8005812AC /* Build configuration list for PBXNativeTarget "CoreDataBeginnerProject" */ = {
			isa = XCConfigurationList;
			buildConfigurations = (
				084F7AF529B1FEB8005812AC /* Debug */,
				084F7AF629B1FEB8005812AC /* Release */,
			);
			defaultConfigurationIsVisible = 0;
			defaultConfigurationName = Release;
		};
/* End XCConfigurationList section */

/* Begin XCVersionGroup section */
		084F7AE929B1FEB8005812AC /* CoreDataBeginnerProject.xcdatamodeld */ = {
			isa = XCVersionGroup;
			children = (
				084F7AEA29B1FEB8005812AC /* CoreDataBeginnerProject.xcdatamodel */,
			);
			currentVersion = 084F7AEA29B1FEB8005812AC /* CoreDataBeginnerProject.xcdatamodel */;
			path = CoreDataBeginnerProject.xcdatamodeld;
			sourceTree = "<group>";
			versionGroupType = wrapper.xcdatamodel;
		};
/* End XCVersionGroup section */
	};
	rootObject = 084F7AD529B1FEB8005812AC /* Project object */;
}
